
Microsoft Visual Studio Solution File, Format Version 12.00
# Visual Studio Version 16
VisualStudioVersion = 16.0.33214.272
MinimumVisualStudioVersion = 10.0.40219.1
Project("{8BC9CEB8-8B4A-11D0-8D11-00A0C91BC942}") = "Oanda", "Oanda\Oanda.vcxproj", "{B904E5BA-0DF6-4DA0-A88D-03D7FFDADB20}"
EndProject
Global
	GlobalSection(SolutionConfigurationPlatforms) = preSolution
		Debug|x64 = Debug|x64
		Debug|x86 = Debug|x86
		Release|x64 = Release|x64
		Release|x86 = Release|x86
	EndGlobalSection
	GlobalSection(ProjectConfigurationPlatforms) = postSolution
		{B904E5BA-0DF6-4DA0-A88D-03D7FFDADB20}.Debug|x64.ActiveCfg = Debug|x64
		{B904E5BA-0DF6-4DA0-A88D-03D7FFDADB20}.Debug|x64.Build.0 = Debug|x64
		{B904E5BA-0DF6-4DA0-A88D-03D7FFDADB20}.Debug|x86.ActiveCfg = Debug|Win32
		{B904E5BA-0DF6-4DA0-A88D-03D7FFDADB20}.Debug|x86.Build.0 = Debug|Win32
		{B904E5BA-0DF6-4DA0-A88D-03D7FFDADB20}.Release|x64.ActiveCfg = Release|x64
		{B904E5BA-0DF6-4DA0-A88D-03D7FFDADB20}.Release|x64.Build.0 = Release|x64
		{B904E5BA-0DF6-4DA0-A88D-03D7FFDADB20}.Release|x86.ActiveCfg = Release|Win32
		{B904E5BA-0DF6-4DA0-A88D-03D7FFDADB20}.Release|x86.Build.0 = Release|Win32
	EndGlobalSection
	GlobalSection(SolutionProperties) = preSolution
		HideSolutionNode = FALSE
	EndGlobalSection
	GlobalSection(ExtensibilityGlobals) = postSolution
		SolutionGuid = {2A2761F6-36F6-4D21-80D6-40990124CEEC}
	EndGlobalSection
EndGlobal
